hash: 864ac20296008284274ff4132a900f09bf2b5693d46f23c06a22796f9625ad12
updated: 2020-10-09T15:27:19.749225073Z
imports:
- name: github.com/aws/aws-sdk-go
  version: 8504021ea14c80e18b9dc7268df1f0756edf5277
  subpackages:
  - aws
  - aws/session
  - service/cloudwatchlogs
- name: github.com/elastic/beats
  version: 5b046c5a97fe1e312f22d40a1f05365621aad621
  subpackages:
  - libbeat/beat
  - libbeat/common
  - libbeat/logp
  - libbeat/publisher
- name: github.com/stretchr/testify
  version: f654a9112bbeac49ca2cd45bfbe11533c4666cf8
  subpackages:
  - mock
testImports: []
