hash: de66406f628be6a1be7b4fb70bfad6b53efe087e390fdfe48c21b7d76ed73c68
updated: 2019-08-28T15:20:37.780923+03:00
imports:
- name: github.com/aws/aws-sdk-go
  version: 512bdaf8bec30abd545b440447cebb57b53d3af9
  subpackages:
  - aws
  - aws/awserr
  - aws/awsutil
  - aws/client
  - aws/client/metadata
  - aws/corehandlers
  - aws/credentials
  - aws/credentials/ec2rolecreds
  - aws/credentials/endpointcreds
  - aws/credentials/stscreds
  - aws/defaults
  - aws/ec2metadata
  - aws/endpoints
  - aws/request
  - aws/session
  - aws/signer/v4
  - internal/shareddefaults
  - private/protocol
  - private/protocol/json/jsonutil
  - private/protocol/jsonrpc
  - private/protocol/query
  - private/protocol/query/queryutil
  - private/protocol/rest
  - private/protocol/restxml
  - private/protocol/xml/xmlutil
  - service/cloudwatchlogs
  - service/cloudwatchlogs/cloudwatchlogsiface
  - service/s3
  - service/s3/s3iface
  - service/sts
- name: github.com/containerd/containerd
  version: 309617819bbd614fd120e750017893dd1f737d88
  subpackages:
  - errdefs
- name: github.com/DataDog/zstd
  version: 2347a397da4ee9c6b8226d4aff82c302d0e52773
- name: github.com/davecgh/go-spew
  version: d8f796af33cc11cb798c1aaeb27a4ebc5099927d
  subpackages:
  - spew
- name: github.com/docker/distribution
  version: 1fb7fffdb26687adf375a4433a58a0d66a13fede
  subpackages:
  - digestset
  - reference
  - registry/api/errcode
- name: github.com/docker/docker
  version: 7ce0e26c16158bd5ea991805e21a34c4111866bb
  subpackages:
  - api
  - api/types
  - api/types/blkiodev
  - api/types/container
  - api/types/events
  - api/types/filters
  - api/types/image
  - api/types/mount
  - api/types/network
  - api/types/registry
  - api/types/strslice
  - api/types/swarm
  - api/types/swarm/runtime
  - api/types/time
  - api/types/versions
  - api/types/volume
  - client
  - errdefs
- name: github.com/docker/go-connections
  version: fd1b1942c4d55f7f210a8387e612dc6ffee78ff6
  subpackages:
  - nat
  - sockets
  - tlsconfig
- name: github.com/docker/go-units
  version: 519db1ee28dcc9fd2474ae59fca29a810482bfb1
- name: github.com/dustin/go-humanize
  version: 9f541cc9db5d55bce703bd99987c9d5cb8eea45e
- name: github.com/eapache/go-resiliency
  version: b98ce2825f7276cc41027348986a241ef5d62fd8
  subpackages:
  - breaker
- name: github.com/eapache/go-xerial-snappy
  version: 776d5712da21bc4762676d614db1d8a64f4238b0
- name: github.com/eapache/queue
  version: 093482f3f8ce946c05bcba64badd2c82369e084d
- name: github.com/elastic/beats
  version: a4be71b90ce3e3b8213b616adfcd9e455513da45
  subpackages:
  - libbeat/api
  - libbeat/asset
  - libbeat/autodiscover
  - libbeat/autodiscover/appenders/config
  - libbeat/autodiscover/builder
  - libbeat/autodiscover/meta
  - libbeat/autodiscover/providers/docker
  - libbeat/autodiscover/providers/jolokia
  - libbeat/autodiscover/providers/kubernetes
  - libbeat/autodiscover/template
  - libbeat/beat
  - libbeat/cfgfile
  - libbeat/cloudid
  - libbeat/cmd
  - libbeat/cmd/export
  - libbeat/cmd/instance
  - libbeat/cmd/test
  - libbeat/common
  - libbeat/common/atomic
  - libbeat/common/backoff
  - libbeat/common/bus
  - libbeat/common/cfgtype
  - libbeat/common/cfgwarn
  - libbeat/common/cli
  - libbeat/common/docker
  - libbeat/common/dtfmt
  - libbeat/common/file
  - libbeat/common/flowhash
  - libbeat/common/fmtstr
  - libbeat/common/jsontransform
  - libbeat/common/kafka
  - libbeat/common/kubernetes
  - libbeat/common/match
  - libbeat/common/reload
  - libbeat/common/safemapstr
  - libbeat/common/schema
  - libbeat/common/schema/mapstriface
  - libbeat/common/seccomp
  - libbeat/common/streambuf
  - libbeat/common/terminal
  - libbeat/common/transport/tlscommon
  - libbeat/conditions
  - libbeat/dashboards
  - libbeat/feature
  - libbeat/idxmgmt
  - libbeat/idxmgmt/ilm
  - libbeat/keystore
  - libbeat/kibana
  - libbeat/logp
  - libbeat/logp/configure
  - libbeat/management
  - libbeat/mapping
  - libbeat/metric/system/cpu
  - libbeat/metric/system/host
  - libbeat/metric/system/memory
  - libbeat/metric/system/process
  - libbeat/monitoring
  - libbeat/monitoring/adapter
  - libbeat/monitoring/report
  - libbeat/monitoring/report/elasticsearch
  - libbeat/monitoring/report/log
  - libbeat/outputs
  - libbeat/outputs/codec
  - libbeat/outputs/codec/format
  - libbeat/outputs/codec/json
  - libbeat/outputs/console
  - libbeat/outputs/elasticsearch
  - libbeat/outputs/fileout
  - libbeat/outputs/kafka
  - libbeat/outputs/logstash
  - libbeat/outputs/outil
  - libbeat/outputs/redis
  - libbeat/outputs/transport
  - libbeat/paths
  - libbeat/plugin
  - libbeat/processors
  - libbeat/processors/actions
  - libbeat/processors/add_cloud_metadata
  - libbeat/processors/add_docker_metadata
  - libbeat/processors/add_host_metadata
  - libbeat/processors/add_kubernetes_metadata
  - libbeat/processors/add_locale
  - libbeat/processors/add_observer_metadata
  - libbeat/processors/add_process_metadata
  - libbeat/processors/checks
  - libbeat/processors/communityid
  - libbeat/processors/convert
  - libbeat/processors/dissect
  - libbeat/processors/dns
  - libbeat/processors/extract_array
  - libbeat/processors/timeseries
  - libbeat/processors/util
  - libbeat/publisher
  - libbeat/publisher/includes
  - libbeat/publisher/pipeline
  - libbeat/publisher/processing
  - libbeat/publisher/queue
  - libbeat/publisher/queue/memqueue
  - libbeat/publisher/queue/spool
  - libbeat/service
  - libbeat/template
  - libbeat/testing
  - libbeat/version
- name: github.com/elastic/ecs
  version: 219d61b5b70f23a52220bb385c82eb067ff05259
  subpackages:
  - code/go/ecs
- name: github.com/elastic/go-lumber
  version: 23fbfb3f47e548082d5287a2c106303b31504b17
  subpackages:
  - client/v2
  - protocol/v2
- name: github.com/elastic/go-seccomp-bpf
  version: 61e3d673bfca5e98d9ac21897311f655b3c3867e
  subpackages:
  - arch
- name: github.com/elastic/go-structform
  version: a50e916a1b628ad1abc6f58b47668a2f60075ef1
  subpackages:
  - cborl
  - gotype
  - internal/unsafe
  - json
  - ubjson
  - visitors
- name: github.com/elastic/go-sysinfo
  version: 51d9d1362d77a4792dfb39a7a19f056cdf1b9840
  subpackages:
  - internal/registry
  - providers/darwin
  - providers/linux
  - providers/shared
  - providers/windows
  - types
- name: github.com/elastic/go-txfile
  version: e2fc122b4abbae26eb7c352f77cdd9eae5aa8a5f
  subpackages:
  - internal/cleanup
  - internal/invariant
  - internal/iter
  - internal/strbld
  - internal/tracelog
  - internal/vfs
  - internal/vfs/osfs
  - pq
  - txerr
- name: github.com/elastic/go-ucfg
  version: c5859d30d9ff1bf630e2dfbe1498ad3d1b7607ab
  subpackages:
  - cfgutil
  - flag
  - internal/parse
  - json
  - yaml
- name: github.com/elastic/go-windows
  version: 4fe172db2494b71a5b0d1de5a0248e543d7249f4
- name: github.com/elastic/gosigar
  version: cd0724355811a9fbc473732c9218496c4a27abe9
  subpackages:
  - cgroup
  - sys
  - sys/linux
  - sys/windows
- name: github.com/ericchiang/k8s
  version: 08b7bf46703ad24b5420601bf6df6d69b4b74201
  subpackages:
  - apis/apps/v1beta1
  - apis/core/v1
  - apis/extensions/v1beta1
  - apis/meta/v1
  - apis/resource
  - runtime
  - runtime/schema
  - util/intstr
- name: github.com/fatih/color
  version: 3f9d52f7176a6927daacff70a3e8d1dc2025c53e
- name: github.com/garyburd/redigo
  version: 569eae59ada904ea8db7a225c2b47165af08735a
  subpackages:
  - internal
  - redis
- name: github.com/ghodss/yaml
  version: 25d852aebe32c875e9c044af3eef9c7dc6bc777f
- name: github.com/go-ini/ini
  version: 8fe474341f7eedd6804eda75896c8f3e4b5dc36a
- name: github.com/gofrs/uuid
  version: abfe1881e60ef34074c1b8d8c63b42565c356ed6
- name: github.com/gogo/protobuf
  version: 4c00d2f19fb91be5fecd8681fa83450a2a979e69
  subpackages:
  - proto
- name: github.com/golang/protobuf
  version: 822fe56949f5d56c9e2f02367c657e0e9b4d27d1
  subpackages:
  - proto
  - ptypes
  - ptypes/any
  - ptypes/duration
  - ptypes/timestamp
- name: github.com/golang/snappy
  version: 2a8bb927dd31d8daada140a5d09578521ce5c36a
- name: github.com/hashicorp/go-uuid
  version: 4f571afc59f3043a65f8fe6bf46d887b10a01d43
- name: github.com/inconshreveable/mousetrap
  version: 76626ae9c91c4f2a10f34cad8ce83ea42c93bb75
- name: github.com/jcmturner/gofork
  version: dc7c13fece037a4a36e2b3c69db4991498d30692
  subpackages:
  - encoding/asn1
  - x/crypto/pbkdf2
- name: github.com/jmespath/go-jmespath
  version: c2b33e8439af944379acbdd9c3a5fe0bc44bd8a5
- name: github.com/joeshaw/multierror
  version: 69b34d4ec901851247ae7e77d33909caf9df99ed
- name: github.com/klauspost/compress
  version: 2c38f6d2dc5a6a21b6851f2414f4e10adf8e3eee
  subpackages:
  - flate
  - zlib
- name: github.com/klauspost/cpuid
  version: cf2ded4aa83357cbc18366e6e1c64eda3c26eaf2
- name: github.com/konsorten/go-windows-terminal-sequences
  version: f55edac94c9bbba5d6182a4be46d86a2c9b5b50e
- name: github.com/mattn/go-colorable
  version: 388941e3ea99c461d2bc2747eaf27741b6dda096
- name: github.com/mattn/go-isatty
  version: bf9a1dea1961e1d831824fb135332bfb8c10e8b8
- name: github.com/Microsoft/go-winio
  version: 6c72808b55902eae4c5943626030429ff20f3b63
  subpackages:
  - pkg/guid
- name: github.com/miekg/dns
  version: c67445656579a3c3836047c509073f97022da0ed
- name: github.com/mitchellh/hashstructure
  version: a38c50148365edc8df43c1580c48fb2b3a1e9cd7
- name: github.com/opencontainers/go-digest
  version: ac19fd6e7483ff933754af248d80be865e543d22
- name: github.com/opencontainers/image-spec
  version: 775207bd45b6cb8153ce218cc59351799217451f
  subpackages:
  - specs-go
  - specs-go/v1
- name: github.com/pierrec/lz4
  version: 3953b06bcb948374598000098832ff46319ace16
  subpackages:
  - internal/xxh32
- name: github.com/pkg/errors
  version: 27936f6d90f9c8e1145f11ed52ffffbfdb9e0af7
- name: github.com/prometheus/procfs
  version: 00ec24a6a2d86e7074629c8384715dbb05adccd8
  subpackages:
  - internal/fs
  - internal/util
- name: github.com/rcrowley/go-metrics
  version: cac0b30c2563378d434b5af411844adff8e32960
- name: github.com/Shopify/sarama
  version: ed36e5f0a6e9b7a10233e51b67f4a4d435b3bcca
- name: github.com/sirupsen/logrus
  version: de736cf91b921d56253b4010270681d33fdf7cb5
- name: github.com/spf13/cobra
  version: b80588d523ec50c7fee20218426cf2ff70920f06
- name: github.com/spf13/pflag
  version: 972238283c0625cf3e881de7699ba8f2524c340a
- name: github.com/stretchr/testify
  version: 221dbe5ed46703ee255b1da0dec05086f5035f62
  subpackages:
  - assert
  - mock
- name: github.com/theckman/go-flock
  version: 5135e617513b1e6e205a3a89b042249dee6730c8
- name: github.com/urso/go-bin
  version: 781c575c9f0eb3cb9dca94521bd7ad7d5aec7fd4
- name: go.uber.org/atomic
  version: df976f2515e274675050de7b3f42545de80594fd
- name: go.uber.org/multierr
  version: 3c4937480c32f4c13a875a1829af76c98ca3d40a
- name: go.uber.org/zap
  version: 425214515ff452748375576b20c82524849177c6
  subpackages:
  - buffer
  - internal/bufferpool
  - internal/color
  - internal/exit
  - zapcore
  - zaptest/observer
- name: golang.org/x/crypto
  version: 60c769a6c58655dab1b9adac0d58967dd517cfba
  subpackages:
  - ed25519
  - ed25519/internal/edwards25519
  - md4
  - pbkdf2
  - ssh/terminal
- name: golang.org/x/net
  version: ba9fcec4b297b415637633c5a6e8fa592e4a16c3
  subpackages:
  - bpf
  - context
  - http/httpguts
  - http2
  - http2/hpack
  - idna
  - internal/iana
  - internal/socket
  - internal/socks
  - ipv4
  - ipv6
  - proxy
- name: golang.org/x/sys
  version: c7b8b68b14567162c6602a7c5659ee0f26417c18
  subpackages:
  - unix
  - windows
  - windows/registry
  - windows/svc
  - windows/svc/debug
  - windows/svc/eventlog
- name: golang.org/x/text
  version: 342b2e1fbaa52c93f31447ad2c6abc048c63e475
  subpackages:
  - secure/bidirule
  - transform
  - unicode/bidi
  - unicode/norm
- name: google.golang.org/genproto
  version: 24fa4b261c55da65468f2abfdae2b024eef27dfb
  subpackages:
  - googleapis/rpc/status
- name: google.golang.org/grpc
  version: d5a36f00e624a524866a651b9ed3e21282271e98
  subpackages:
  - codes
  - connectivity
  - grpclog
  - internal
  - status
- name: gopkg.in/jcmturner/aescts.v1
  version: f6abebb3171c4c1b1fea279cb7c7325020a26290
- name: gopkg.in/jcmturner/dnsutils.v1
  version: 13eeb8d49ffb74d7a75784c35e4d900607a3943c
- name: gopkg.in/jcmturner/gokrb5.v7
  version: 363118e62befa8a14ff01031c025026077fe5d6d
  subpackages:
  - asn1tools
  - client
  - config
  - credentials
  - crypto
  - crypto/common
  - crypto/etype
  - crypto/rfc3961
  - crypto/rfc3962
  - crypto/rfc4757
  - crypto/rfc8009
  - gssapi
  - iana
  - iana/addrtype
  - iana/adtype
  - iana/asnAppTag
  - iana/chksumtype
  - iana/errorcode
  - iana/etypeID
  - iana/flags
  - iana/keyusage
  - iana/msgtype
  - iana/nametype
  - iana/patype
  - kadmin
  - keytab
  - krberror
  - messages
  - pac
  - types
- name: gopkg.in/jcmturner/rpc.v1
  version: 99a8ce2fbf8b8087b6ed12a37c61b10f04070043
  subpackages:
  - mstypes
  - ndr
- name: gopkg.in/yaml.v2
  version: 51d6538a90f86fe93ac480b35f37b2be17fef232
- name: howett.net/plist
  version: 591f970eefbbeb04d7b37f334a0c4c3256e32876
testImports:
- name: github.com/pmezard/go-difflib
  version: 5d4384ee4fb2527b0a1256a821ebfc92f91efefc
  subpackages:
  - difflib
- name: github.com/stretchr/objx
  version: 35313a95ee26395aa17d366c71a2ccf788fa69b6
